
Microsoft Visual Studio Solution File, Format Version 12.00
# Visual Studio Version 17
VisualStudioVersion = 17.9.34728.123
MinimumVisualStudioVersion = 10.0.40219.1
Project("{9A19103F-16F7-4668-BE54-9A1E7A4F7556}") = "API.CQRS", "API.CQRS\API.CQRS.csproj", "{A041EA28-1D5B-4BC6-BD64-3BDB78C3FB02}"
EndProject
Project("{9A19103F-16F7-4668-BE54-9A1E7A4F7556}") = "Domain.CQRS", "Domain.CQRS\Domain.CQRS.csproj", "{1E4F9144-3D68-4C12-BB13-D946ADE0B178}"
EndProject
Project("{9A19103F-16F7-4668-BE54-9A1E7A4F7556}") = "Infra.Data.CQRS", "Infra.CQRS\Infra.Data.CQRS.csproj", "{2340917B-F282-4AD3-8491-C7717F913461}"
EndProject
Project("{9A19103F-16F7-4668-BE54-9A1E7A4F7556}") = "Application.CQRS", "Application.CQRS\Application.CQRS.csproj", "{63D92480-3E44-4F87-A792-CCD82CF39D17}"
EndProject
Project("{9A19103F-16F7-4668-BE54-9A1E7A4F7556}") = "Test.CQRS", "Test.CQRS\Test.CQRS.csproj", "{FF061746-9097-4E3D-82E7-3DAD82DB928F}"
EndProject
Project("{9A19103F-16F7-4668-BE54-9A1E7A4F7556}") = "InfraCrossCutting.CQRS", "Infra.crossCurting\InfraCrossCutting.CQRS.csproj", "{ADFDBCA8-742E-4D84-B698-AE38FDAE18EC}"
EndProject
Global
	GlobalSection(SolutionConfigurationPlatforms) = preSolution
		Debug|Any CPU = Debug|Any CPU
		Release|Any CPU = Release|Any CPU
	EndGlobalSection
	GlobalSection(ProjectConfigurationPlatforms) = postSolution
		{A041EA28-1D5B-4BC6-BD64-3BDB78C3FB02}.Debug|Any CPU.ActiveCfg = Debug|Any CPU
		{A041EA28-1D5B-4BC6-BD64-3BDB78C3FB02}.Debug|Any CPU.Build.0 = Debug|Any CPU
		{A041EA28-1D5B-4BC6-BD64-3BDB78C3FB02}.Release|Any CPU.ActiveCfg = Release|Any CPU
		{A041EA28-1D5B-4BC6-BD64-3BDB78C3FB02}.Release|Any CPU.Build.0 = Release|Any CPU
		{1E4F9144-3D68-4C12-BB13-D946ADE0B178}.Debug|Any CPU.ActiveCfg = Debug|Any CPU
		{1E4F9144-3D68-4C12-BB13-D946ADE0B178}.Debug|Any CPU.Build.0 = Debug|Any CPU
		{1E4F9144-3D68-4C12-BB13-D946ADE0B178}.Release|Any CPU.ActiveCfg = Release|Any CPU
		{1E4F9144-3D68-4C12-BB13-D946ADE0B178}.Release|Any CPU.Build.0 = Release|Any CPU
		{2340917B-F282-4AD3-8491-C7717F913461}.Debug|Any CPU.ActiveCfg = Debug|Any CPU
		{2340917B-F282-4AD3-8491-C7717F913461}.Debug|Any CPU.Build.0 = Debug|Any CPU
		{2340917B-F282-4AD3-8491-C7717F913461}.Release|Any CPU.ActiveCfg = Release|Any CPU
		{2340917B-F282-4AD3-8491-C7717F913461}.Release|Any CPU.Build.0 = Release|Any CPU
		{63D92480-3E44-4F87-A792-CCD82CF39D17}.Debug|Any CPU.ActiveCfg = Debug|Any CPU
		{63D92480-3E44-4F87-A792-CCD82CF39D17}.Debug|Any CPU.Build.0 = Debug|Any CPU
		{63D92480-3E44-4F87-A792-CCD82CF39D17}.Release|Any CPU.ActiveCfg = Release|Any CPU
		{63D92480-3E44-4F87-A792-CCD82CF39D17}.Release|Any CPU.Build.0 = Release|Any CPU
		{FF061746-9097-4E3D-82E7-3DAD82DB928F}.Debug|Any CPU.ActiveCfg = Debug|Any CPU
		{FF061746-9097-4E3D-82E7-3DAD82DB928F}.Debug|Any CPU.Build.0 = Debug|Any CPU
		{FF061746-9097-4E3D-82E7-3DAD82DB928F}.Release|Any CPU.ActiveCfg = Release|Any CPU
		{FF061746-9097-4E3D-82E7-3DAD82DB928F}.Release|Any CPU.Build.0 = Release|Any CPU
		{ADFDBCA8-742E-4D84-B698-AE38FDAE18EC}.Debug|Any CPU.ActiveCfg = Debug|Any CPU
		{ADFDBCA8-742E-4D84-B698-AE38FDAE18EC}.Debug|Any CPU.Build.0 = Debug|Any CPU
		{ADFDBCA8-742E-4D84-B698-AE38FDAE18EC}.Release|Any CPU.ActiveCfg = Release|Any CPU
		{ADFDBCA8-742E-4D84-B698-AE38FDAE18EC}.Release|Any CPU.Build.0 = Release|Any CPU
	EndGlobalSection
	GlobalSection(SolutionProperties) = preSolution
		HideSolutionNode = FALSE
	EndGlobalSection
	GlobalSection(ExtensibilityGlobals) = postSolution
		SolutionGuid = {5114832F-B741-4374-AB74-9F9DD9349B81}
	EndGlobalSection
EndGlobal
